
Microsoft Visual Studio Solution File, Format Version 12.00
# Visual Studio Version 17
VisualStudioVersion = 17.12.35527.113
MinimumVisualStudioVersion = 10.0.40219.1
Project("{2150E333-8FDC-42A3-9474-1A3956D46DE8}") = "src", "src", "{F83388E7-EC8F-47B1-9D9E-F860CB3BBCD7}"
EndProject
Project("{2150E333-8FDC-42A3-9474-1A3956D46DE8}") = "Services", "Services", "{E9940A41-521C-4600-BB19-681DF19DACC7}"
EndProject
Project("{2150E333-8FDC-42A3-9474-1A3956D46DE8}") = "Catalog", "Catalog", "{E83BF3BD-894E-48AF-AA2B-99026C0D372D}"
EndProject
Project("{FAE04EC0-301F-11D3-BF4B-00C04F79EFBC}") = "Catalog.API", "src\Services\Catalog\Catalog.API\Catalog.API.csproj", "{A03E8D2C-1E9F-4DF3-BC29-9D55B76F21BC}"
EndProject
Project("{2150E333-8FDC-42A3-9474-1A3956D46DE8}") = "BuildingBlocks", "BuildingBlocks", "{965AAA87-14AC-4DE1-9692-684965508C69}"
EndProject
Project("{FAE04EC0-301F-11D3-BF4B-00C04F79EFBC}") = "BuildingBlocks", "src\BuildingBlocks\BuildingBlocks\BuildingBlocks.csproj", "{DC74157F-B70A-48E6-B272-9A12D75AFE7B}"
EndProject
Project("{E53339B2-1760-4266-BCC7-CA923CBCF16C}") = "docker-compose", "docker-compose.dcproj", "{7C2739CB-29D1-4863-83B4-94ED9FA95D3E}"
EndProject
Project("{2150E333-8FDC-42A3-9474-1A3956D46DE8}") = "Basket", "Basket", "{BD1377BA-DF58-4191-8585-ABBD109443D5}"
EndProject
Project("{FAE04EC0-301F-11D3-BF4B-00C04F79EFBC}") = "Basket.API", "src\Services\Basket\Basket.API\Basket.API.csproj", "{3D506225-6D01-4367-BCC8-CCCD82D9667A}"
EndProject
Project("{FAE04EC0-301F-11D3-BF4B-00C04F79EFBC}") = "BuildingBlocks.Messaging", "src\BuildingBlocks\BuildingBlocks.Messaging\BuildingBlocks.Messaging.csproj", "{3A2DA773-7A1F-4978-95F3-CD72BB65AF45}"
EndProject
Project("{2150E333-8FDC-42A3-9474-1A3956D46DE8}") = "Discount", "Discount", "{4E21CA35-238C-44E9-A910-EE41B9C6A34C}"
EndProject
Project("{FAE04EC0-301F-11D3-BF4B-00C04F79EFBC}") = "Discount.API", "src\Services\Discount\Discount.API\Discount.API.csproj", "{901BAA00-9BDA-4686-9EF9-F627FE6A9F48}"
EndProject
Project("{2150E333-8FDC-42A3-9474-1A3956D46DE8}") = "Ordering", "Ordering", "{CBB9270D-7FDE-4A13-9587-021E5C6D7E85}"
EndProject
Project("{FAE04EC0-301F-11D3-BF4B-00C04F79EFBC}") = "Ordering.API", "src\Services\Ordering\Ordering.API\Ordering.API.csproj", "{52B648FE-B7B6-42E9-A1C4-21A8053FA625}"
EndProject
Project("{FAE04EC0-301F-11D3-BF4B-00C04F79EFBC}") = "Ordering.Domain", "src\Services\Ordering\Ordering.Domain\Ordering.Domain.csproj", "{4EF3BA89-D570-4D1D-81D7-1D4A90A2BC8A}"
EndProject
Project("{FAE04EC0-301F-11D3-BF4B-00C04F79EFBC}") = "Ordering.Application", "src\Services\Ordering\Ordering.Application\Ordering.Application.csproj", "{360EF91F-A96B-4D7A-AF58-E43454EE0D7B}"
EndProject
Project("{FAE04EC0-301F-11D3-BF4B-00C04F79EFBC}") = "Ordering.Infrastructure", "src\Services\Ordering\Ordering.Infrastructure\Ordering.Infrastructure.csproj", "{E88A8357-6EC2-40FA-A57C-C359E7BCA1B8}"
EndProject
Project("{2150E333-8FDC-42A3-9474-1A3956D46DE8}") = "ApiGateways", "ApiGateways", "{02EA681E-C7D8-13C7-8484-4AC65E1B71E8}"
EndProject
Project("{FAE04EC0-301F-11D3-BF4B-00C04F79EFBC}") = "YarpApiGateway", "src\ApiGateways\YarpApiGateway\YarpApiGateway.csproj", "{3CDF89D4-4446-4BCE-9831-9BC52AB65FA0}"
EndProject
Project("{2150E333-8FDC-42A3-9474-1A3956D46DE8}") = "WebApps", "WebApps", "{0B615A17-7D86-4DF1-B271-B3D91CB50E64}"
EndProject
Project("{FAE04EC0-301F-11D3-BF4B-00C04F79EFBC}") = "Shopping.Web", "src\WebApps\Shopping.Web\Shopping.Web.csproj", "{7774C7D4-120B-4FC7-8641-CC4EAC4DDA4F}"
EndProject
Global
	GlobalSection(SolutionConfigurationPlatforms) = preSolution
		Debug|Any CPU = Debug|Any CPU
		Release|Any CPU = Release|Any CPU
	EndGlobalSection
	GlobalSection(ProjectConfigurationPlatforms) = postSolution
		{A03E8D2C-1E9F-4DF3-BC29-9D55B76F21BC}.Debug|Any CPU.ActiveCfg = Debug|Any CPU
		{A03E8D2C-1E9F-4DF3-BC29-9D55B76F21BC}.Debug|Any CPU.Build.0 = Debug|Any CPU
		{A03E8D2C-1E9F-4DF3-BC29-9D55B76F21BC}.Release|Any CPU.ActiveCfg = Release|Any CPU
		{A03E8D2C-1E9F-4DF3-BC29-9D55B76F21BC}.Release|Any CPU.Build.0 = Release|Any CPU
		{DC74157F-B70A-48E6-B272-9A12D75AFE7B}.Debug|Any CPU.ActiveCfg = Debug|Any CPU
		{DC74157F-B70A-48E6-B272-9A12D75AFE7B}.Debug|Any CPU.Build.0 = Debug|Any CPU
		{DC74157F-B70A-48E6-B272-9A12D75AFE7B}.Release|Any CPU.ActiveCfg = Release|Any CPU
		{DC74157F-B70A-48E6-B272-9A12D75AFE7B}.Release|Any CPU.Build.0 = Release|Any CPU
		{7C2739CB-29D1-4863-83B4-94ED9FA95D3E}.Debug|Any CPU.ActiveCfg = Debug|Any CPU
		{7C2739CB-29D1-4863-83B4-94ED9FA95D3E}.Debug|Any CPU.Build.0 = Debug|Any CPU
		{7C2739CB-29D1-4863-83B4-94ED9FA95D3E}.Release|Any CPU.ActiveCfg = Release|Any CPU
		{7C2739CB-29D1-4863-83B4-94ED9FA95D3E}.Release|Any CPU.Build.0 = Release|Any CPU
		{3D506225-6D01-4367-BCC8-CCCD82D9667A}.Debug|Any CPU.ActiveCfg = Debug|Any CPU
		{3D506225-6D01-4367-BCC8-CCCD82D9667A}.Debug|Any CPU.Build.0 = Debug|Any CPU
		{3D506225-6D01-4367-BCC8-CCCD82D9667A}.Release|Any CPU.ActiveCfg = Release|Any CPU
		{3D506225-6D01-4367-BCC8-CCCD82D9667A}.Release|Any CPU.Build.0 = Release|Any CPU
		{3A2DA773-7A1F-4978-95F3-CD72BB65AF45}.Debug|Any CPU.ActiveCfg = Debug|Any CPU
		{3A2DA773-7A1F-4978-95F3-CD72BB65AF45}.Debug|Any CPU.Build.0 = Debug|Any CPU
		{3A2DA773-7A1F-4978-95F3-CD72BB65AF45}.Release|Any CPU.ActiveCfg = Release|Any CPU
		{3A2DA773-7A1F-4978-95F3-CD72BB65AF45}.Release|Any CPU.Build.0 = Release|Any CPU
		{901BAA00-9BDA-4686-9EF9-F627FE6A9F48}.Debug|Any CPU.ActiveCfg = Debug|Any CPU
		{901BAA00-9BDA-4686-9EF9-F627FE6A9F48}.Debug|Any CPU.Build.0 = Debug|Any CPU
		{901BAA00-9BDA-4686-9EF9-F627FE6A9F48}.Release|Any CPU.ActiveCfg = Release|Any CPU
		{901BAA00-9BDA-4686-9EF9-F627FE6A9F48}.Release|Any CPU.Build.0 = Release|Any CPU
		{52B648FE-B7B6-42E9-A1C4-21A8053FA625}.Debug|Any CPU.ActiveCfg = Debug|Any CPU
		{52B648FE-B7B6-42E9-A1C4-21A8053FA625}.Debug|Any CPU.Build.0 = Debug|Any CPU
		{52B648FE-B7B6-42E9-A1C4-21A8053FA625}.Release|Any CPU.ActiveCfg = Release|Any CPU
		{52B648FE-B7B6-42E9-A1C4-21A8053FA625}.Release|Any CPU.Build.0 = Release|Any CPU
		{4EF3BA89-D570-4D1D-81D7-1D4A90A2BC8A}.Debug|Any CPU.ActiveCfg = Debug|Any CPU
		{4EF3BA89-D570-4D1D-81D7-1D4A90A2BC8A}.Debug|Any CPU.Build.0 = Debug|Any CPU
		{4EF3BA89-D570-4D1D-81D7-1D4A90A2BC8A}.Release|Any CPU.ActiveCfg = Release|Any CPU
		{4EF3BA89-D570-4D1D-81D7-1D4A90A2BC8A}.Release|Any CPU.Build.0 = Release|Any CPU
		{360EF91F-A96B-4D7A-AF58-E43454EE0D7B}.Debug|Any CPU.ActiveCfg = Debug|Any CPU
		{360EF91F-A96B-4D7A-AF58-E43454EE0D7B}.Debug|Any CPU.Build.0 = Debug|Any CPU
		{360EF91F-A96B-4D7A-AF58-E43454EE0D7B}.Release|Any CPU.ActiveCfg = Release|Any CPU
		{360EF91F-A96B-4D7A-AF58-E43454EE0D7B}.Release|Any CPU.Build.0 = Release|Any CPU
		{E88A8357-6EC2-40FA-A57C-C359E7BCA1B8}.Debug|Any CPU.ActiveCfg = Debug|Any CPU
		{E88A8357-6EC2-40FA-A57C-C359E7BCA1B8}.Debug|Any CPU.Build.0 = Debug|Any CPU
		{E88A8357-6EC2-40FA-A57C-C359E7BCA1B8}.Release|Any CPU.ActiveCfg = Release|Any CPU
		{E88A8357-6EC2-40FA-A57C-C359E7BCA1B8}.Release|Any CPU.Build.0 = Release|Any CPU
		{3CDF89D4-4446-4BCE-9831-9BC52AB65FA0}.Debug|Any CPU.ActiveCfg = Debug|Any CPU
		{3CDF89D4-4446-4BCE-9831-9BC52AB65FA0}.Debug|Any CPU.Build.0 = Debug|Any CPU
		{3CDF89D4-4446-4BCE-9831-9BC52AB65FA0}.Release|Any CPU.ActiveCfg = Release|Any CPU
		{3CDF89D4-4446-4BCE-9831-9BC52AB65FA0}.Release|Any CPU.Build.0 = Release|Any CPU
		{7774C7D4-120B-4FC7-8641-CC4EAC4DDA4F}.Debug|Any CPU.ActiveCfg = Debug|Any CPU
		{7774C7D4-120B-4FC7-8641-CC4EAC4DDA4F}.Debug|Any CPU.Build.0 = Debug|Any CPU
		{7774C7D4-120B-4FC7-8641-CC4EAC4DDA4F}.Release|Any CPU.ActiveCfg = Release|Any CPU
		{7774C7D4-120B-4FC7-8641-CC4EAC4DDA4F}.Release|Any CPU.Build.0 = Release|Any CPU
	EndGlobalSection
	GlobalSection(SolutionProperties) = preSolution
		HideSolutionNode = FALSE
	EndGlobalSection
	GlobalSection(NestedProjects) = preSolution
		{E9940A41-521C-4600-BB19-681DF19DACC7} = {F83388E7-EC8F-47B1-9D9E-F860CB3BBCD7}
		{E83BF3BD-894E-48AF-AA2B-99026C0D372D} = {E9940A41-521C-4600-BB19-681DF19DACC7}
		{A03E8D2C-1E9F-4DF3-BC29-9D55B76F21BC} = {E83BF3BD-894E-48AF-AA2B-99026C0D372D}
		{DC74157F-B70A-48E6-B272-9A12D75AFE7B} = {965AAA87-14AC-4DE1-9692-684965508C69}
		{BD1377BA-DF58-4191-8585-ABBD109443D5} = {E9940A41-521C-4600-BB19-681DF19DACC7}
		{3D506225-6D01-4367-BCC8-CCCD82D9667A} = {BD1377BA-DF58-4191-8585-ABBD109443D5}
		{3A2DA773-7A1F-4978-95F3-CD72BB65AF45} = {965AAA87-14AC-4DE1-9692-684965508C69}
		{4E21CA35-238C-44E9-A910-EE41B9C6A34C} = {E9940A41-521C-4600-BB19-681DF19DACC7}
		{901BAA00-9BDA-4686-9EF9-F627FE6A9F48} = {4E21CA35-238C-44E9-A910-EE41B9C6A34C}
		{CBB9270D-7FDE-4A13-9587-021E5C6D7E85} = {E9940A41-521C-4600-BB19-681DF19DACC7}
		{52B648FE-B7B6-42E9-A1C4-21A8053FA625} = {CBB9270D-7FDE-4A13-9587-021E5C6D7E85}
		{4EF3BA89-D570-4D1D-81D7-1D4A90A2BC8A} = {CBB9270D-7FDE-4A13-9587-021E5C6D7E85}
		{360EF91F-A96B-4D7A-AF58-E43454EE0D7B} = {CBB9270D-7FDE-4A13-9587-021E5C6D7E85}
		{E88A8357-6EC2-40FA-A57C-C359E7BCA1B8} = {CBB9270D-7FDE-4A13-9587-021E5C6D7E85}
		{3CDF89D4-4446-4BCE-9831-9BC52AB65FA0} = {02EA681E-C7D8-13C7-8484-4AC65E1B71E8}
		{7774C7D4-120B-4FC7-8641-CC4EAC4DDA4F} = {0B615A17-7D86-4DF1-B271-B3D91CB50E64}
	EndGlobalSection
EndGlobal
